
Microsoft Visual Studio Solution File, Format Version 12.00
# Visual Studio Version 17
VisualStudioVersion = 17.11.35208.52
MinimumVisualStudioVersion = 10.0.40219.1
Project("{FAE04EC0-301F-11D3-BF4B-00C04F79EFBC}") = "ejercicio_14_while", "ejercicio_14_while.csproj", "{0B1A77FC-0306-488D-8E99-8909954B88E2}"
EndProject
Global
	GlobalSection(SolutionConfigurationPlatforms) = preSolution
		Debug|Any CPU = Debug|Any CPU
		Release|Any CPU = Release|Any CPU
	EndGlobalSection
	GlobalSection(ProjectConfigurationPlatforms) = postSolution
		{0B1A77FC-0306-488D-8E99-8909954B88E2}.Debug|Any CPU.ActiveCfg = Debug|Any CPU
		{0B1A77FC-0306-488D-8E99-8909954B88E2}.Debug|Any CPU.Build.0 = Debug|Any CPU
		{0B1A77FC-0306-488D-8E99-8909954B88E2}.Release|Any CPU.ActiveCfg = Release|Any CPU
		{0B1A77FC-0306-488D-8E99-8909954B88E2}.Release|Any CPU.Build.0 = Release|Any CPU
	EndGlobalSection
	GlobalSection(SolutionProperties) = preSolution
		HideSolutionNode = FALSE
	EndGlobalSection
	GlobalSection(ExtensibilityGlobals) = postSolution
		SolutionGuid = {805EADB3-8B0C-4F10-891B-8E2F343AF7AD}
	EndGlobalSection
EndGlobal
