
Microsoft Visual Studio Solution File, Format Version 12.00
# Visual Studio Version 17
VisualStudioVersion = 17.11.35208.52
MinimumVisualStudioVersion = 10.0.40219.1
Project("{FAE04EC0-301F-11D3-BF4B-00C04F79EFBC}") = "ejercicio_13_practica", "ejercicio_13_practica.csproj", "{6896F7B9-F647-458C-BB67-74269CA8E6C3}"
EndProject
Global
	GlobalSection(SolutionConfigurationPlatforms) = preSolution
		Debug|Any CPU = Debug|Any CPU
		Release|Any CPU = Release|Any CPU
	EndGlobalSection
	GlobalSection(ProjectConfigurationPlatforms) = postSolution
		{6896F7B9-F647-458C-BB67-74269CA8E6C3}.Debug|Any CPU.ActiveCfg = Debug|Any CPU
		{6896F7B9-F647-458C-BB67-74269CA8E6C3}.Debug|Any CPU.Build.0 = Debug|Any CPU
		{6896F7B9-F647-458C-BB67-74269CA8E6C3}.Release|Any CPU.ActiveCfg = Release|Any CPU
		{6896F7B9-F647-458C-BB67-74269CA8E6C3}.Release|Any CPU.Build.0 = Release|Any CPU
	EndGlobalSection
	GlobalSection(SolutionProperties) = preSolution
		HideSolutionNode = FALSE
	EndGlobalSection
	GlobalSection(ExtensibilityGlobals) = postSolution
		SolutionGuid = {A6A54118-2800-442F-BDB3-38F333D5F99E}
	EndGlobalSection
EndGlobal
