
Microsoft Visual Studio Solution File, Format Version 12.00
# Visual Studio Version 17
VisualStudioVersion = 17.11.35208.52
MinimumVisualStudioVersion = 10.0.40219.1
Project("{FAE04EC0-301F-11D3-BF4B-00C04F79EFBC}") = "ejercicio_12_tarea", "ejercicio_12_tarea.csproj", "{A28F81C8-AC6B-48EE-A0E6-EDE4EC538A40}"
EndProject
Global
	GlobalSection(SolutionConfigurationPlatforms) = preSolution
		Debug|Any CPU = Debug|Any CPU
		Release|Any CPU = Release|Any CPU
	EndGlobalSection
	GlobalSection(ProjectConfigurationPlatforms) = postSolution
		{A28F81C8-AC6B-48EE-A0E6-EDE4EC538A40}.Debug|Any CPU.ActiveCfg = Debug|Any CPU
		{A28F81C8-AC6B-48EE-A0E6-EDE4EC538A40}.Debug|Any CPU.Build.0 = Debug|Any CPU
		{A28F81C8-AC6B-48EE-A0E6-EDE4EC538A40}.Release|Any CPU.ActiveCfg = Release|Any CPU
		{A28F81C8-AC6B-48EE-A0E6-EDE4EC538A40}.Release|Any CPU.Build.0 = Release|Any CPU
	EndGlobalSection
	GlobalSection(SolutionProperties) = preSolution
		HideSolutionNode = FALSE
	EndGlobalSection
	GlobalSection(ExtensibilityGlobals) = postSolution
		SolutionGuid = {AD08D6E0-8684-4D26-8F36-B5278A622DB3}
	EndGlobalSection
EndGlobal
